
Microsoft Visual Studio Solution File, Format Version 12.00
# Visual Studio Version 16
VisualStudioVersion = 16.0.30011.22
MinimumVisualStudioVersion = 10.0.40219.1
Project("{FAE04EC0-301F-11D3-BF4B-00C04F79EFBC}") = "NumberRepetition", "NumberRepetition\NumberRepetition.csproj", "{5EC7D4CF-9E36-4E0C-AD99-2C27726368AE}"
EndProject
Global
	GlobalSection(SolutionConfigurationPlatforms) = preSolution
		Debug|Any CPU = Debug|Any CPU
		Release|Any CPU = Release|Any CPU
	EndGlobalSection
	GlobalSection(ProjectConfigurationPlatforms) = postSolution
		{5EC7D4CF-9E36-4E0C-AD99-2C27726368AE}.Debug|Any CPU.ActiveCfg = Debug|Any CPU
		{5EC7D4CF-9E36-4E0C-AD99-2C27726368AE}.Debug|Any CPU.Build.0 = Debug|Any CPU
		{5EC7D4CF-9E36-4E0C-AD99-2C27726368AE}.Release|Any CPU.ActiveCfg = Release|Any CPU
		{5EC7D4CF-9E36-4E0C-AD99-2C27726368AE}.Release|Any CPU.Build.0 = Release|Any CPU
	EndGlobalSection
	GlobalSection(SolutionProperties) = preSolution
		HideSolutionNode = FALSE
	EndGlobalSection
	GlobalSection(ExtensibilityGlobals) = postSolution
		SolutionGuid = {E64F09E6-BB49-49A3-B2E4-261D1F2C617A}
	EndGlobalSection
EndGlobal
